// !$*UTF8*$!
{
	archiveVersion = 1;
	classes = {
	};
	objectVersion = 56;
	objects = {

/* Begin PBXBuildFile section */
		F9650A052902A0940015C077 /* NeueFrutigerWorld-Bold.ttf in Resources */ = {isa = PBXBuildFile; fileRef = F9650A032902A0940015C077 /* NeueFrutigerWorld-Bold.ttf */; };
		F9650A062902A0940015C077 /* NeueFrutigerWorld-Book.ttf in Resources */ = {isa = PBXBuildFile; fileRef = F9650A042902A0940015C077 /* NeueFrutigerWorld-Book.ttf */; };
		F9650A092902A49C0015C077 /* FontMenager.swift in Sources */ = {isa = PBXBuildFile; fileRef = F9650A082902A49C0015C077 /* FontMenager.swift */; };
		F9650A0B2907E8680015C077 /* FilterView.swift in Sources */ = {isa = PBXBuildFile; fileRef = F9650A0A2907E8680015C077 /* FilterView.swift */; };
		F967CCBC28FFDF8300848849 /* ListaLijekovaApp.swift in Sources */ = {isa = PBXBuildFile; fileRef = F967CCBB28FFDF8300848849 /* ListaLijekovaApp.swift */; };
		F967CCBE28FFDF8300848849 /* ContentView.swift in Sources */ = {isa = PBXBuildFile; fileRef = F967CCBD28FFDF8300848849 /* ContentView.swift */; };
		F967CCC028FFDF8400848849 /* Assets.xcassets in Resources */ = {isa = PBXBuildFile; fileRef = F967CCBF28FFDF8400848849 /* Assets.xcassets */; };
		F967CCC328FFDF8400848849 /* Preview Assets.xcassets in Resources */ = {isa = PBXBuildFile; fileRef = F967CCC228FFDF8400848849 /* Preview Assets.xcassets */; };
		F967CCCC28FFE22200848849 /* ListaLijekovaView.swift in Sources */ = {isa = PBXBuildFile; fileRef = F967CCCB28FFE22200848849 /* ListaLijekovaView.swift */; };
		F967CCCE28FFE31D00848849 /* LijekView.swift in Sources */ = {isa = PBXBuildFile; fileRef = F967CCCD28FFE31D00848849 /* LijekView.swift */; };
		F967CCD128FFFC8500848849 /* Lijek.swift in Sources */ = {isa = PBXBuildFile; fileRef = F967CCD028FFFC8500848849 /* Lijek.swift */; };
		F967CCD42900007800848849 /* Kategorija.swift in Sources */ = {isa = PBXBuildFile; fileRef = F967CCD32900007800848849 /* Kategorija.swift */; };
		F97622AD29000B6A00ADCCCF /* LijekRow.swift in Sources */ = {isa = PBXBuildFile; fileRef = F97622AC29000B6A00ADCCCF /* LijekRow.swift */; };
		F996F11E29026F4500F1621A /* test.swift in Sources */ = {isa = PBXBuildFile; fileRef = F996F11D29026F4500F1621A /* test.swift */; };
		F996F1202902956200F1621A /* Substance.swift in Sources */ = {isa = PBXBuildFile; fileRef = F996F11F2902956200F1621A /* Substance.swift */; };
/* End PBXBuildFile section */

/* Begin PBXFileReference section */
		F9650A032902A0940015C077 /* NeueFrutigerWorld-Bold.ttf */ = {isa = PBXFileReference; lastKnownFileType = file; path = "NeueFrutigerWorld-Bold.ttf"; sourceTree = "<group>"; };
		F9650A042902A0940015C077 /* NeueFrutigerWorld-Book.ttf */ = {isa = PBXFileReference; lastKnownFileType = file; path = "NeueFrutigerWorld-Book.ttf"; sourceTree = "<group>"; };
		F9650A072902A25D0015C077 /* Info.plist */ = {isa = PBXFileReference; lastKnownFileType = text.plist; path = Info.plist; sourceTree = "<group>"; };
		F9650A082902A49C0015C077 /* FontMenager.swift */ = {isa = PBXFileReference; lastKnownFileType = sourcecode.swift; path = FontMenager.swift; sourceTree = "<group>"; };
		F9650A0A2907E8680015C077 /* FilterView.swift */ = {isa = PBXFileReference; lastKnownFileType = sourcecode.swift; path = FilterView.swift; sourceTree = "<group>"; };
		F967CCB828FFDF8300848849 /* ListaLijekova.app */ = {isa = PBXFileReference; explicitFileType = wrapper.application; includeInIndex = 0; path = ListaLijekova.app; sourceTree = BUILT_PRODUCTS_DIR; };
		F967CCBB28FFDF8300848849 /* ListaLijekovaApp.swift */ = {isa = PBXFileReference; lastKnownFileType = sourcecode.swift; path = ListaLijekovaApp.swift; sourceTree = "<group>"; };
		F967CCBD28FFDF8300848849 /* ContentView.swift */ = {isa = PBXFileReference; lastKnownFileType = sourcecode.swift; path = ContentView.swift; sourceTree = "<group>"; };
		F967CCBF28FFDF8400848849 /* Assets.xcassets */ = {isa = PBXFileReference; lastKnownFileType = folder.assetcatalog; path = Assets.xcassets; sourceTree = "<group>"; };
		F967CCC228FFDF8400848849 /* Preview Assets.xcassets */ = {isa = PBXFileReference; lastKnownFileType = folder.assetcatalog; path = "Preview Assets.xcassets"; sourceTree = "<group>"; };
		F967CCCB28FFE22200848849 /* ListaLijekovaView.swift */ = {isa = PBXFileReference; lastKnownFileType = sourcecode.swift; path = ListaLijekovaView.swift; sourceTree = "<group>"; };
		F967CCCD28FFE31D00848849 /* LijekView.swift */ = {isa = PBXFileReference; lastKnownFileType = sourcecode.swift; path = LijekView.swift; sourceTree = "<group>"; };
		F967CCD028FFFC8500848849 /* Lijek.swift */ = {isa = PBXFileReference; lastKnownFileType = sourcecode.swift; path = Lijek.swift; sourceTree = "<group>"; };
		F967CCD32900007800848849 /* Kategorija.swift */ = {isa = PBXFileReference; lastKnownFileType = sourcecode.swift; path = Kategorija.swift; sourceTree = "<group>"; };
		F97622AC29000B6A00ADCCCF /* LijekRow.swift */ = {isa = PBXFileReference; lastKnownFileType = sourcecode.swift; path = LijekRow.swift; sourceTree = "<group>"; };
		F996F11D29026F4500F1621A /* test.swift */ = {isa = PBXFileReference; lastKnownFileType = sourcecode.swift; path = test.swift; sourceTree = "<group>"; };
		F996F11F2902956200F1621A /* Substance.swift */ = {isa = PBXFileReference; lastKnownFileType = sourcecode.swift; path = Substance.swift; sourceTree = "<group>"; };
/* End PBXFileReference section */

/* Begin PBXFrameworksBuildPhase section */
		F967CCB528FFDF8300848849 /* Frameworks */ = {
			isa = PBXFrameworksBuildPhase;
			buildActionMask = 2147483647;
			files = (
			);
			runOnlyForDeploymentPostprocessing = 0;
		};
/* End PBXFrameworksBuildPhase section */

/* Begin PBXGroup section */
		F9650A012902A0430015C077 /* Assets */ = {
			isa = PBXGroup;
			children = (
				F9650A022902A04C0015C077 /* Fonts */,
			);
			path = Assets;
			sourceTree = "<group>";
		};
		F9650A022902A04C0015C077 /* Fonts */ = {
			isa = PBXGroup;
			children = (
				F9650A032902A0940015C077 /* NeueFrutigerWorld-Bold.ttf */,
				F9650A042902A0940015C077 /* NeueFrutigerWorld-Book.ttf */,
				F9650A082902A49C0015C077 /* FontMenager.swift */,
			);
			path = Fonts;
			sourceTree = "<group>";
		};
		F967CCAF28FFDF8300848849 = {
			isa = PBXGroup;
			children = (
				F967CCBA28FFDF8300848849 /* ListaLijekova */,
				F967CCB928FFDF8300848849 /* Products */,
			);
			sourceTree = "<group>";
		};
		F967CCB928FFDF8300848849 /* Products */ = {
			isa = PBXGroup;
			children = (
				F967CCB828FFDF8300848849 /* ListaLijekova.app */,
			);
			name = Products;
			sourceTree = "<group>";
		};
		F967CCBA28FFDF8300848849 /* ListaLijekova */ = {
			isa = PBXGroup;
			children = (
				F9650A072902A25D0015C077 /* Info.plist */,
				F967CCCF28FFFC6D00848849 /* Model */,
				F967CCD228FFFC9600848849 /* View */,
				F967CCBD28FFDF8300848849 /* ContentView.swift */,
				F9650A012902A0430015C077 /* Assets */,
				F967CCBB28FFDF8300848849 /* ListaLijekovaApp.swift */,
				F967CCBF28FFDF8400848849 /* Assets.xcassets */,
				F967CCC128FFDF8400848849 /* Preview Content */,
			);
			path = ListaLijekova;
			sourceTree = "<group>";
		};
		F967CCC128FFDF8400848849 /* Preview Content */ = {
			isa = PBXGroup;
			children = (
				F967CCC228FFDF8400848849 /* Preview Assets.xcassets */,
			);
			path = "Preview Content";
			sourceTree = "<group>";
		};
		F967CCCF28FFFC6D00848849 /* Model */ = {
			isa = PBXGroup;
			children = (
				F967CCD028FFFC8500848849 /* Lijek.swift */,
				F967CCD32900007800848849 /* Kategorija.swift */,
				F996F11F2902956200F1621A /* Substance.swift */,
			);
			path = Model;
			sourceTree = "<group>";
		};
		F967CCD228FFFC9600848849 /* View */ = {
			isa = PBXGroup;
			children = (
				F967CCCB28FFE22200848849 /* ListaLijekovaView.swift */,
				F967CCCD28FFE31D00848849 /* LijekView.swift */,
				F9650A0A2907E8680015C077 /* FilterView.swift */,
				F996F11D29026F4500F1621A /* test.swift */,
				F97622AC29000B6A00ADCCCF /* LijekRow.swift */,
			);
			path = View;
			sourceTree = "<group>";
		};
/* End PBXGroup section */

/* Begin PBXNativeTarget section */
		F967CCB728FFDF8300848849 /* ListaLijekova */ = {
			isa = PBXNativeTarget;
			buildConfigurationList = F967CCC628FFDF8400848849 /* Build configuration list for PBXNativeTarget "ListaLijekova" */;
			buildPhases = (
				F967CCB428FFDF8300848849 /* Sources */,
				F967CCB528FFDF8300848849 /* Frameworks */,
				F967CCB628FFDF8300848849 /* Resources */,
			);
			buildRules = (
			);
			dependencies = (
			);
			name = ListaLijekova;
			productName = ListaLijekova;
			productReference = F967CCB828FFDF8300848849 /* ListaLijekova.app */;
			productType = "com.apple.product-type.application";
		};
/* End PBXNativeTarget section */

/* Begin PBXProject section */
		F967CCB028FFDF8300848849 /* Project object */ = {
			isa = PBXProject;
			attributes = {
				BuildIndependentTargetsInParallel = 1;
				LastSwiftUpdateCheck = 1400;
				LastUpgradeCheck = 1400;
				TargetAttributes = {
					F967CCB728FFDF8300848849 = {
						CreatedOnToolsVersion = 14.0.1;
					};
				};
			};
			buildConfigurationList = F967CCB328FFDF8300848849 /* Build configuration list for PBXProject "ListaLijekova" */;
			compatibilityVersion = "Xcode 14.0";
			developmentRegion = en;
			hasScannedForEncodings = 0;
			knownRegions = (
				en,
				Base,
			);
			mainGroup = F967CCAF28FFDF8300848849;
			productRefGroup = F967CCB928FFDF8300848849 /* Products */;
			projectDirPath = "";
			projectRoot = "";
			targets = (
				F967CCB728FFDF8300848849 /* ListaLijekova */,
			);
		};
/* End PBXProject section */

/* Begin PBXResourcesBuildPhase section */
		F967CCB628FFDF8300848849 /* Resources */ = {
			isa = PBXResourcesBuildPhase;
			buildActionMask = 2147483647;
			files = (
				F967CCC328FFDF8400848849 /* Preview Assets.xcassets in Resources */,
				F9650A052902A0940015C077 /* NeueFrutigerWorld-Bold.ttf in Resources */,
				F967CCC028FFDF8400848849 /* Assets.xcassets in Resources */,
				F9650A062902A0940015C077 /* NeueFrutigerWorld-Book.ttf in Resources */,
			);
			runOnlyForDeploymentPostprocessing = 0;
		};
/* End PBXResourcesBuildPhase section */

/* Begin PBXSourcesBuildPhase section */
		F967CCB428FFDF8300848849 /* Sources */ = {
			isa = PBXSourcesBuildPhase;
			buildActionMask = 2147483647;
			files = (
				F9650A0B2907E8680015C077 /* FilterView.swift in Sources */,
				F967CCBE28FFDF8300848849 /* ContentView.swift in Sources */,
				F967CCBC28FFDF8300848849 /* ListaLijekovaApp.swift in Sources */,
				F967CCD42900007800848849 /* Kategorija.swift in Sources */,
				F967CCCE28FFE31D00848849 /* LijekView.swift in Sources */,
				F967CCCC28FFE22200848849 /* ListaLijekovaView.swift in Sources */,
				F996F1202902956200F1621A /* Substance.swift in Sources */,
				F996F11E29026F4500F1621A /* test.swift in Sources */,
				F97622AD29000B6A00ADCCCF /* LijekRow.swift in Sources */,
				F9650A092902A49C0015C077 /* FontMenager.swift in Sources */,
				F967CCD128FFFC8500848849 /* Lijek.swift in Sources */,
			);
			runOnlyForDeploymentPostprocessing = 0;
		};
/* End PBXSourcesBuildPhase section */

/* Begin XCBuildConfiguration section */
		F967CCC428FFDF8400848849 /* Debug */ = {
			isa = XCBuildConfiguration;
			buildSettings = {
				ALWAYS_SEARCH_USER_PATHS = NO;
				CLANG_ANALYZER_NONNULL = YES;
				CLANG_ANALYZER_NUMBER_OBJECT_CONVERSION = YES_AGGRESSIVE;
				CLANG_CXX_LANGUAGE_STANDARD = "gnu++20";
				CLANG_ENABLE_MODULES = YES;
				CLANG_ENABLE_OBJC_ARC = YES;
				CLANG_ENABLE_OBJC_WEAK = YES;
				CLANG_WARN_BLOCK_CAPTURE_AUTORELEASING = YES;
				CLANG_WARN_BOOL_CONVERSION = YES;
				CLANG_WARN_COMMA = YES;
				CLANG_WARN_CONSTANT_CONVERSION = YES;
				CLANG_WARN_DEPRECATED_OBJC_IMPLEMENTATIONS = YES;
				CLANG_WARN_DIRECT_OBJC_ISA_USAGE = YES_ERROR;
				CLANG_WARN_DOCUMENTATION_COMMENTS = YES;
				CLANG_WARN_EMPTY_BODY = YES;
				CLANG_WARN_ENUM_CONVERSION = YES;
				CLANG_WARN_INFINITE_RECURSION = YES;
				CLANG_WARN_INT_CONVERSION = YES;
				CLANG_WARN_NON_LITERAL_NULL_CONVERSION = YES;
				CLANG_WARN_OBJC_IMPLICIT_RETAIN_SELF = YES;
				CLANG_WARN_OBJC_LITERAL_CONVERSION = YES;
				CLANG_WARN_OBJC_ROOT_CLASS = YES_ERROR;
				CLANG_WARN_QUOTED_INCLUDE_IN_FRAMEWORK_HEADER = YES;
				CLANG_WARN_RANGE_LOOP_ANALYSIS = YES;
				CLANG_WARN_STRICT_PROTOTYPES = YES;
				CLANG_WARN_SUSPICIOUS_MOVE = YES;
				CLANG_WARN_UNGUARDED_AVAILABILITY = YES_AGGRESSIVE;
				CLANG_WARN_UNREACHABLE_CODE = YES;
				CLANG_WARN__DUPLICATE_METHOD_MATCH = YES;
				COPY_PHASE_STRIP = NO;
				DEBUG_INFORMATION_FORMAT = dwarf;
				ENABLE_STRICT_OBJC_MSGSEND = YES;
				ENABLE_TESTABILITY = YES;
				GCC_C_LANGUAGE_STANDARD = gnu11;
				GCC_DYNAMIC_NO_PIC = NO;
				GCC_NO_COMMON_BLOCKS = YES;
				GCC_OPTIMIZATION_LEVEL = 0;
				GCC_PREPROCESSOR_DEFINITIONS = (
					"DEBUG=1",
					"$(inherited)",
				);
				GCC_WARN_64_TO_32_BIT_CONVERSION = YES;
				GCC_WARN_ABOUT_RETURN_TYPE = YES_ERROR;
				GCC_WARN_UNDECLARED_SELECTOR = YES;
				GCC_WARN_UNINITIALIZED_AUTOS = YES_AGGRESSIVE;
				GCC_WARN_UNUSED_FUNCTION = YES;
				GCC_WARN_UNUSED_VARIABLE = YES;
				IPHONEOS_DEPLOYMENT_TARGET = 16.0;
				MTL_ENABLE_DEBUG_INFO = INCLUDE_SOURCE;
				MTL_FAST_MATH = YES;
				ONLY_ACTIVE_ARCH = YES;
				SDKROOT = iphoneos;
				SWIFT_ACTIVE_COMPILATION_CONDITIONS = DEBUG;
				SWIFT_OPTIMIZATION_LEVEL = "-Onone";
			};
			name = Debug;
		};
		F967CCC528FFDF8400848849 /* Release */ = {
			isa = XCBuildConfiguration;
			buildSettings = {
				ALWAYS_SEARCH_USER_PATHS = NO;
				CLANG_ANALYZER_NONNULL = YES;
				CLANG_ANALYZER_NUMBER_OBJECT_CONVERSION = YES_AGGRESSIVE;
				CLANG_CXX_LANGUAGE_STANDARD = "gnu++20";
				CLANG_ENABLE_MODULES = YES;
				CLANG_ENABLE_OBJC_ARC = YES;
				CLANG_ENABLE_OBJC_WEAK = YES;
				CLANG_WARN_BLOCK_CAPTURE_AUTORELEASING = YES;
				CLANG_WARN_BOOL_CONVERSION = YES;
				CLANG_WARN_COMMA = YES;
				CLANG_WARN_CONSTANT_CONVERSION = YES;
				CLANG_WARN_DEPRECATED_OBJC_IMPLEMENTATIONS = YES;
				CLANG_WARN_DIRECT_OBJC_ISA_USAGE = YES_ERROR;
				CLANG_WARN_DOCUMENTATION_COMMENTS = YES;
				CLANG_WARN_EMPTY_BODY = YES;
				CLANG_WARN_ENUM_CONVERSION = YES;
				CLANG_WARN_INFINITE_RECURSION = YES;
				CLANG_WARN_INT_CONVERSION = YES;
				CLANG_WARN_NON_LITERAL_NULL_CONVERSION = YES;
				CLANG_WARN_OBJC_IMPLICIT_RETAIN_SELF = YES;
				CLANG_WARN_OBJC_LITERAL_CONVERSION = YES;
				CLANG_WARN_OBJC_ROOT_CLASS = YES_ERROR;
				CLANG_WARN_QUOTED_INCLUDE_IN_FRAMEWORK_HEADER = YES;
				CLANG_WARN_RANGE_LOOP_ANALYSIS = YES;
				CLANG_WARN_STRICT_PROTOTYPES = YES;
				CLANG_WARN_SUSPICIOUS_MOVE = YES;
				CLANG_WARN_UNGUARDED_AVAILABILITY = YES_AGGRESSIVE;
				CLANG_WARN_UNREACHABLE_CODE = YES;
				CLANG_WARN__DUPLICATE_METHOD_MATCH = YES;
				COPY_PHASE_STRIP = NO;
				DEBUG_INFORMATION_FORMAT = "dwarf-with-dsym";
				ENABLE_NS_ASSERTIONS = NO;
				ENABLE_STRICT_OBJC_MSGSEND = YES;
				GCC_C_LANGUAGE_STANDARD = gnu11;
				GCC_NO_COMMON_BLOCKS = YES;
				GCC_WARN_64_TO_32_BIT_CONVERSION = YES;
				GCC_WARN_ABOUT_RETURN_TYPE = YES_ERROR;
				GCC_WARN_UNDECLARED_SELECTOR = YES;
				GCC_WARN_UNINITIALIZED_AUTOS = YES_AGGRESSIVE;
				GCC_WARN_UNUSED_FUNCTION = YES;
				GCC_WARN_UNUSED_VARIABLE = YES;
				IPHONEOS_DEPLOYMENT_TARGET = 16.0;
				MTL_ENABLE_DEBUG_INFO = NO;
				MTL_FAST_MATH = YES;
				SDKROOT = iphoneos;
				SWIFT_COMPILATION_MODE = wholemodule;
				SWIFT_OPTIMIZATION_LEVEL = "-O";
				VALIDATE_PRODUCT = YES;
			};
			name = Release;
		};
		F967CCC728FFDF8400848849 /* Debug */ = {
			isa = XCBuildConfiguration;
			buildSettings = {
				ASSETCATALOG_COMPILER_APPICON_NAME = AppIcon;
				ASSETCATALOG_COMPILER_GLOBAL_ACCENT_COLOR_NAME = AccentColor;
				CODE_SIGN_STYLE = Automatic;
				CURRENT_PROJECT_VERSION = 1;
				DEVELOPMENT_ASSET_PATHS = "\"ListaLijekova/Preview Content\"";
				ENABLE_PREVIEWS = YES;
				GENERATE_INFOPLIST_FILE = YES;
				INFOPLIST_FILE = ListaLijekova/Info.plist;
				INFOPLIST_KEY_UIApplicationSceneManifest_Generation = YES;
				INFOPLIST_KEY_UIApplicationSupportsIndirectInputEvents = YES;
				INFOPLIST_KEY_UILaunchScreen_Generation = YES;
				INFOPLIST_KEY_UISupportedInterfaceOrientations_iPad = "UIInterfaceOrientationPortrait UIInterfaceOrientationPortraitUpsideDown UIInterfaceOrientationLandscapeLeft UIInterfaceOrientationLandscapeRight";
				INFOPLIST_KEY_UISupportedInterfaceOrientations_iPhone = "UIInterfaceOrientationPortrait UIInterfaceOrientationLandscapeLeft UIInterfaceOrientationLandscapeRight";
				LD_RUNPATH_SEARCH_PATHS = (
					"$(inherited)",
					"@executable_path/Frameworks",
				);
				MARKETING_VERSION = 1.0;
				PRODUCT_BUNDLE_IDENTIFIER = com.saltsquare.ListaLijekova;
				PRODUCT_NAME = "$(TARGET_NAME)";
				SWIFT_EMIT_LOC_STRINGS = YES;
				SWIFT_VERSION = 5.0;
				TARGETED_DEVICE_FAMILY = "1,2";
			};
			name = Debug;
		};
		F967CCC828FFDF8400848849 /* Release */ = {
			isa = XCBuildConfiguration;
			buildSettings = {
				ASSETCATALOG_COMPILER_APPICON_NAME = AppIcon;
				ASSETCATALOG_COMPILER_GLOBAL_ACCENT_COLOR_NAME = AccentColor;
				CODE_SIGN_STYLE = Automatic;
				CURRENT_PROJECT_VERSION = 1;
				DEVELOPMENT_ASSET_PATHS = "\"ListaLijekova/Preview Content\"";
				ENABLE_PREVIEWS = YES;
				GENERATE_INFOPLIST_FILE = YES;
				INFOPLIST_FILE = ListaLijekova/Info.plist;
				INFOPLIST_KEY_UIApplicationSceneManifest_Generation = YES;
				INFOPLIST_KEY_UIApplicationSupportsIndirectInputEvents = YES;
				INFOPLIST_KEY_UILaunchScreen_Generation = YES;
				INFOPLIST_KEY_UISupportedInterfaceOrientations_iPad = "UIInterfaceOrientationPortrait UIInterfaceOrientationPortraitUpsideDown UIInterfaceOrientationLandscapeLeft UIInterfaceOrientationLandscapeRight";
				INFOPLIST_KEY_UISupportedInterfaceOrientations_iPhone = "UIInterfaceOrientationPortrait UIInterfaceOrientationLandscapeLeft UIInterfaceOrientationLandscapeRight";
				LD_RUNPATH_SEARCH_PATHS = (
					"$(inherited)",
					"@executable_path/Frameworks",
				);
				MARKETING_VERSION = 1.0;
				PRODUCT_BUNDLE_IDENTIFIER = com.saltsquare.ListaLijekova;
				PRODUCT_NAME = "$(TARGET_NAME)";
				SWIFT_EMIT_LOC_STRINGS = YES;
				SWIFT_VERSION = 5.0;
				TARGETED_DEVICE_FAMILY = "1,2";
			};
			name = Release;
		};
/* End XCBuildConfiguration section */

/* Begin XCConfigurationList section */
		F967CCB328FFDF8300848849 /* Build configuration list for PBXProject "ListaLijekova" */ = {
			isa = XCConfigurationList;
			buildConfigurations = (
				F967CCC428FFDF8400848849 /* Debug */,
				F967CCC528FFDF8400848849 /* Release */,
			);
			defaultConfigurationIsVisible = 0;
			defaultConfigurationName = Release;
		};
		F967CCC628FFDF8400848849 /* Build configuration list for PBXNativeTarget "ListaLijekova" */ = {
			isa = XCConfigurationList;
			buildConfigurations = (
				F967CCC728FFDF8400848849 /* Debug */,
				F967CCC828FFDF8400848849 /* Release */,
			);
			defaultConfigurationIsVisible = 0;
			defaultConfigurationName = Release;
		};
/* End XCConfigurationList section */
	};
	rootObject = F967CCB028FFDF8300848849 /* Project object */;
}
